
Microsoft Visual Studio Solution File, Format Version 12.00
# Visual Studio Version 17
VisualStudioVersion = 17.13.35806.99 d17.13
MinimumVisualStudioVersion = 10.0.40219.1
Project("{FAE04EC0-301F-11D3-BF4B-00C04F79EFBC}") = "GestionProformasProyecto", "GestionProformasProyecto\GestionProformasProyecto.csproj", "{69AB8682-16C1-4A4D-B2E1-39939F305FF8}"
EndProject
Global
	GlobalSection(SolutionConfigurationPlatforms) = preSolution
		Debug|Any CPU = Debug|Any CPU
		Release|Any CPU = Release|Any CPU
	EndGlobalSection
	GlobalSection(ProjectConfigurationPlatforms) = postSolution
		{69AB8682-16C1-4A4D-B2E1-39939F305FF8}.Debug|Any CPU.ActiveCfg = Debug|Any CPU
		{69AB8682-16C1-4A4D-B2E1-39939F305FF8}.Debug|Any CPU.Build.0 = Debug|Any CPU
		{69AB8682-16C1-4A4D-B2E1-39939F305FF8}.Release|Any CPU.ActiveCfg = Release|Any CPU
		{69AB8682-16C1-4A4D-B2E1-39939F305FF8}.Release|Any CPU.Build.0 = Release|Any CPU
	EndGlobalSection
	GlobalSection(SolutionProperties) = preSolution
		HideSolutionNode = FALSE
	EndGlobalSection
	GlobalSection(ExtensibilityGlobals) = postSolution
		SolutionGuid = {19E759B9-B709-459A-86F6-CED7E2449D86}
	EndGlobalSection
EndGlobal
